// !$*UTF8*$!
{
	archiveVersion = 1;
	classes = {
	};
	objectVersion = 55;
	objects = {

/* Begin PBXBuildFile section */
		802A6C9A2829DE19007B4A7C /* ColorNamespace.swift in Sources */ = {isa = PBXBuildFile; fileRef = 802A6C992829DE19007B4A7C /* ColorNamespace.swift */; };
		802A6C9C2829E40D007B4A7C /* ColorModel.swift in Sources */ = {isa = PBXBuildFile; fileRef = 802A6C9B2829E40D007B4A7C /* ColorModel.swift */; };
		802A6C9E2829E4A2007B4A7C /* ColorVM.swift in Sources */ = {isa = PBXBuildFile; fileRef = 802A6C9D2829E4A2007B4A7C /* ColorVM.swift */; };
		802A6CA0282A7C84007B4A7C /* FlyingStar.swift in Sources */ = {isa = PBXBuildFile; fileRef = 802A6C9F282A7C84007B4A7C /* FlyingStar.swift */; };
		802A6CA2282A8C18007B4A7C /* STPUINavigationControllerExtension.swift in Sources */ = {isa = PBXBuildFile; fileRef = 802A6CA1282A8C18007B4A7C /* STPUINavigationControllerExtension.swift */; };
		803081BB2825B8F8000B4858 /* LaunchView.swift in Sources */ = {isa = PBXBuildFile; fileRef = 803081BA2825B8F8000B4858 /* LaunchView.swift */; };
		803081BD2825BF59000B4858 /* ViewModifier.swift in Sources */ = {isa = PBXBuildFile; fileRef = 803081BC2825BF59000B4858 /* ViewModifier.swift */; };
		803081BF2825C76A000B4858 /* MGEOneView.swift in Sources */ = {isa = PBXBuildFile; fileRef = 803081BE2825C76A000B4858 /* MGEOneView.swift */; };
		803081C12825CE80000B4858 /* PolygonView.swift in Sources */ = {isa = PBXBuildFile; fileRef = 803081C02825CE80000B4858 /* PolygonView.swift */; };
		806066412828396E00582027 /* MultipleNamespaces.swift in Sources */ = {isa = PBXBuildFile; fileRef = 806066402828396E00582027 /* MultipleNamespaces.swift */; };
		80ACFBCF282458A60061CC17 /* NamespaceAndPreverenceKeyApp.swift in Sources */ = {isa = PBXBuildFile; fileRef = 80ACFBCE282458A60061CC17 /* NamespaceAndPreverenceKeyApp.swift */; };
		80ACFBD3282458A70061CC17 /* Assets.xcassets in Resources */ = {isa = PBXBuildFile; fileRef = 80ACFBD2282458A70061CC17 /* Assets.xcassets */; };
		80ACFBD6282458A70061CC17 /* Preview Assets.xcassets in Resources */ = {isa = PBXBuildFile; fileRef = 80ACFBD5282458A70061CC17 /* Preview Assets.xcassets */; };
		80ACFBE128245BA60061CC17 /* PreferenceKeyView.swift in Sources */ = {isa = PBXBuildFile; fileRef = 80ACFBE028245BA60061CC17 /* PreferenceKeyView.swift */; };
		80ACFBE428245C260061CC17 /* TabModel.swift in Sources */ = {isa = PBXBuildFile; fileRef = 80ACFBE328245C260061CC17 /* TabModel.swift */; };
		80ACFBE728245C4F0061CC17 /* TabBarVM.swift in Sources */ = {isa = PBXBuildFile; fileRef = 80ACFBE628245C4F0061CC17 /* TabBarVM.swift */; };
		80ACFBEC2824689B0061CC17 /* NamespaceView.swift in Sources */ = {isa = PBXBuildFile; fileRef = 80ACFBEB2824689B0061CC17 /* NamespaceView.swift */; };
		80ACFBF628248F330061CC17 /* HalfCircle.swift in Sources */ = {isa = PBXBuildFile; fileRef = 80ACFBF428248F330061CC17 /* HalfCircle.swift */; };
		80ACFBFE282494420061CC17 /* FullCircleView.swift in Sources */ = {isa = PBXBuildFile; fileRef = 80ACFBFD282494420061CC17 /* FullCircleView.swift */; };
		80ACFC002824B1230061CC17 /* SideCircleModel.swift in Sources */ = {isa = PBXBuildFile; fileRef = 80ACFBFF2824B1230061CC17 /* SideCircleModel.swift */; };
		80CC94462826926C006709DC /* MGETwoView.swift in Sources */ = {isa = PBXBuildFile; fileRef = 80CC94452826926C006709DC /* MGETwoView.swift */; };
		80CC944828269833006709DC /* Triangle.swift in Sources */ = {isa = PBXBuildFile; fileRef = 80CC944728269833006709DC /* Triangle.swift */; };
		80D387162827E01D009163CF /* AnchorPoint.swift in Sources */ = {isa = PBXBuildFile; fileRef = 80D387152827E01D009163CF /* AnchorPoint.swift */; };
		80D38718282825E5009163CF /* MultipleGroups.swift in Sources */ = {isa = PBXBuildFile; fileRef = 80D38717282825E5009163CF /* MultipleGroups.swift */; };
/* End PBXBuildFile section */

/* Begin PBXFileReference section */
		802A6C992829DE19007B4A7C /* ColorNamespace.swift */ = {isa = PBXFileReference; lastKnownFileType = sourcecode.swift; path = ColorNamespace.swift; sourceTree = "<group>"; };
		802A6C9B2829E40D007B4A7C /* ColorModel.swift */ = {isa = PBXFileReference; lastKnownFileType = sourcecode.swift; path = ColorModel.swift; sourceTree = "<group>"; };
		802A6C9D2829E4A2007B4A7C /* ColorVM.swift */ = {isa = PBXFileReference; lastKnownFileType = sourcecode.swift; path = ColorVM.swift; sourceTree = "<group>"; };
		802A6C9F282A7C84007B4A7C /* FlyingStar.swift */ = {isa = PBXFileReference; lastKnownFileType = sourcecode.swift; path = FlyingStar.swift; sourceTree = "<group>"; };
		802A6CA1282A8C18007B4A7C /* STPUINavigationControllerExtension.swift */ = {isa = PBXFileReference; fileEncoding = 4; lastKnownFileType = sourcecode.swift; path = STPUINavigationControllerExtension.swift; sourceTree = "<group>"; };
		803081BA2825B8F8000B4858 /* LaunchView.swift */ = {isa = PBXFileReference; lastKnownFileType = sourcecode.swift; path = LaunchView.swift; sourceTree = "<group>"; };
		803081BC2825BF59000B4858 /* ViewModifier.swift */ = {isa = PBXFileReference; lastKnownFileType = sourcecode.swift; path = ViewModifier.swift; sourceTree = "<group>"; };
		803081BE2825C76A000B4858 /* MGEOneView.swift */ = {isa = PBXFileReference; lastKnownFileType = sourcecode.swift; path = MGEOneView.swift; sourceTree = "<group>"; };
		803081C02825CE80000B4858 /* PolygonView.swift */ = {isa = PBXFileReference; lastKnownFileType = sourcecode.swift; path = PolygonView.swift; sourceTree = "<group>"; };
		806066402828396E00582027 /* MultipleNamespaces.swift */ = {isa = PBXFileReference; lastKnownFileType = sourcecode.swift; path = MultipleNamespaces.swift; sourceTree = "<group>"; };
		80ACFBCB282458A60061CC17 /* NamespaceAndPreverenceKey.app */ = {isa = PBXFileReference; explicitFileType = wrapper.application; includeInIndex = 0; path = NamespaceAndPreverenceKey.app; sourceTree = BUILT_PRODUCTS_DIR; };
		80ACFBCE282458A60061CC17 /* NamespaceAndPreverenceKeyApp.swift */ = {isa = PBXFileReference; lastKnownFileType = sourcecode.swift; path = NamespaceAndPreverenceKeyApp.swift; sourceTree = "<group>"; };
		80ACFBD2282458A70061CC17 /* Assets.xcassets */ = {isa = PBXFileReference; lastKnownFileType = folder.assetcatalog; path = Assets.xcassets; sourceTree = "<group>"; };
		80ACFBD5282458A70061CC17 /* Preview Assets.xcassets */ = {isa = PBXFileReference; lastKnownFileType = folder.assetcatalog; path = "Preview Assets.xcassets"; sourceTree = "<group>"; };
		80ACFBE028245BA60061CC17 /* PreferenceKeyView.swift */ = {isa = PBXFileReference; lastKnownFileType = sourcecode.swift; path = PreferenceKeyView.swift; sourceTree = "<group>"; };
		80ACFBE328245C260061CC17 /* TabModel.swift */ = {isa = PBXFileReference; lastKnownFileType = sourcecode.swift; path = TabModel.swift; sourceTree = "<group>"; };
		80ACFBE628245C4F0061CC17 /* TabBarVM.swift */ = {isa = PBXFileReference; lastKnownFileType = sourcecode.swift; path = TabBarVM.swift; sourceTree = "<group>"; };
		80ACFBEB2824689B0061CC17 /* NamespaceView.swift */ = {isa = PBXFileReference; lastKnownFileType = sourcecode.swift; path = NamespaceView.swift; sourceTree = "<group>"; };
		80ACFBF428248F330061CC17 /* HalfCircle.swift */ = {isa = PBXFileReference; lastKnownFileType = sourcecode.swift; path = HalfCircle.swift; sourceTree = "<group>"; };
		80ACFBFD282494420061CC17 /* FullCircleView.swift */ = {isa = PBXFileReference; lastKnownFileType = sourcecode.swift; path = FullCircleView.swift; sourceTree = "<group>"; };
		80ACFBFF2824B1230061CC17 /* SideCircleModel.swift */ = {isa = PBXFileReference; lastKnownFileType = sourcecode.swift; path = SideCircleModel.swift; sourceTree = "<group>"; };
		80CC94452826926C006709DC /* MGETwoView.swift */ = {isa = PBXFileReference; lastKnownFileType = sourcecode.swift; path = MGETwoView.swift; sourceTree = "<group>"; };
		80CC944728269833006709DC /* Triangle.swift */ = {isa = PBXFileReference; lastKnownFileType = sourcecode.swift; path = Triangle.swift; sourceTree = "<group>"; };
		80D387152827E01D009163CF /* AnchorPoint.swift */ = {isa = PBXFileReference; lastKnownFileType = sourcecode.swift; path = AnchorPoint.swift; sourceTree = "<group>"; };
		80D38717282825E5009163CF /* MultipleGroups.swift */ = {isa = PBXFileReference; lastKnownFileType = sourcecode.swift; path = MultipleGroups.swift; sourceTree = "<group>"; };
/* End PBXFileReference section */

/* Begin PBXFrameworksBuildPhase section */
		80ACFBC8282458A60061CC17 /* Frameworks */ = {
			isa = PBXFrameworksBuildPhase;
			buildActionMask = 2147483647;
			files = (
			);
			runOnlyForDeploymentPostprocessing = 0;
		};
/* End PBXFrameworksBuildPhase section */

/* Begin PBXGroup section */
		80ACFBC2282458A60061CC17 = {
			isa = PBXGroup;
			children = (
				80ACFBCD282458A60061CC17 /* NamespaceAndPreverenceKey */,
				80ACFBCC282458A60061CC17 /* Products */,
			);
			sourceTree = "<group>";
		};
		80ACFBCC282458A60061CC17 /* Products */ = {
			isa = PBXGroup;
			children = (
				80ACFBCB282458A60061CC17 /* NamespaceAndPreverenceKey.app */,
			);
			name = Products;
			sourceTree = "<group>";
		};
		80ACFBCD282458A60061CC17 /* NamespaceAndPreverenceKey */ = {
			isa = PBXGroup;
			children = (
				80ACFBCE282458A60061CC17 /* NamespaceAndPreverenceKeyApp.swift */,
				80ACFBE228245C150061CC17 /* Model */,
				80ACFBE528245C3B0061CC17 /* ViewModel */,
				80ACFBE828245EFF0061CC17 /* View */,
				80ACFBF828248FB80061CC17 /* Components */,
				80ACFBD2282458A70061CC17 /* Assets.xcassets */,
				80ACFBD4282458A70061CC17 /* Preview Content */,
			);
			path = NamespaceAndPreverenceKey;
			sourceTree = "<group>";
		};
		80ACFBD4282458A70061CC17 /* Preview Content */ = {
			isa = PBXGroup;
			children = (
				80ACFBD5282458A70061CC17 /* Preview Assets.xcassets */,
			);
			path = "Preview Content";
			sourceTree = "<group>";
		};
		80ACFBE228245C150061CC17 /* Model */ = {
			isa = PBXGroup;
			children = (
				80ACFBE328245C260061CC17 /* TabModel.swift */,
				802A6C9B2829E40D007B4A7C /* ColorModel.swift */,
				80ACFBFF2824B1230061CC17 /* SideCircleModel.swift */,
			);
			path = Model;
			sourceTree = "<group>";
		};
		80ACFBE528245C3B0061CC17 /* ViewModel */ = {
			isa = PBXGroup;
			children = (
				80ACFBE628245C4F0061CC17 /* TabBarVM.swift */,
				802A6C9D2829E4A2007B4A7C /* ColorVM.swift */,
			);
			path = ViewModel;
			sourceTree = "<group>";
		};
		80ACFBE828245EFF0061CC17 /* View */ = {
			isa = PBXGroup;
			children = (
				803081BA2825B8F8000B4858 /* LaunchView.swift */,
				802A6C992829DE19007B4A7C /* ColorNamespace.swift */,
				80D38717282825E5009163CF /* MultipleGroups.swift */,
				803081BE2825C76A000B4858 /* MGEOneView.swift */,
				802A6C9F282A7C84007B4A7C /* FlyingStar.swift */,
				806066402828396E00582027 /* MultipleNamespaces.swift */,
				80CC94452826926C006709DC /* MGETwoView.swift */,
				80D387152827E01D009163CF /* AnchorPoint.swift */,
				80ACFBE028245BA60061CC17 /* PreferenceKeyView.swift */,
				80ACFBEB2824689B0061CC17 /* NamespaceView.swift */,
				80ACFBFD282494420061CC17 /* FullCircleView.swift */,
				803081C02825CE80000B4858 /* PolygonView.swift */,
			);
			path = View;
			sourceTree = "<group>";
		};
		80ACFBF828248FB80061CC17 /* Components */ = {
			isa = PBXGroup;
			children = (
				80ACFBF428248F330061CC17 /* HalfCircle.swift */,
				803081BC2825BF59000B4858 /* ViewModifier.swift */,
				80CC944728269833006709DC /* Triangle.swift */,
				802A6CA1282A8C18007B4A7C /* STPUINavigationControllerExtension.swift */,
			);
			name = Components;
			sourceTree = "<group>";
		};
/* End PBXGroup section */

/* Begin PBXNativeTarget section */
		80ACFBCA282458A60061CC17 /* NamespaceAndPreverenceKey */ = {
			isa = PBXNativeTarget;
			buildConfigurationList = 80ACFBD9282458A70061CC17 /* Build configuration list for PBXNativeTarget "NamespaceAndPreverenceKey" */;
			buildPhases = (
				80ACFBC7282458A60061CC17 /* Sources */,
				80ACFBC8282458A60061CC17 /* Frameworks */,
				80ACFBC9282458A60061CC17 /* Resources */,
			);
			buildRules = (
			);
			dependencies = (
			);
			name = NamespaceAndPreverenceKey;
			productName = NamespaceAndPreverenceKey;
			productReference = 80ACFBCB282458A60061CC17 /* NamespaceAndPreverenceKey.app */;
			productType = "com.apple.product-type.application";
		};
/* End PBXNativeTarget section */

/* Begin PBXProject section */
		80ACFBC3282458A60061CC17 /* Project object */ = {
			isa = PBXProject;
			attributes = {
				BuildIndependentTargetsInParallel = 1;
				LastSwiftUpdateCheck = 1330;
				LastUpgradeCheck = 1330;
				TargetAttributes = {
					80ACFBCA282458A60061CC17 = {
						CreatedOnToolsVersion = 13.3.1;
					};
				};
			};
			buildConfigurationList = 80ACFBC6282458A60061CC17 /* Build configuration list for PBXProject "NamespaceAndPreverenceKey" */;
			compatibilityVersion = "Xcode 13.0";
			developmentRegion = en;
			hasScannedForEncodings = 0;
			knownRegions = (
				en,
				Base,
			);
			mainGroup = 80ACFBC2282458A60061CC17;
			productRefGroup = 80ACFBCC282458A60061CC17 /* Products */;
			projectDirPath = "";
			projectRoot = "";
			targets = (
				80ACFBCA282458A60061CC17 /* NamespaceAndPreverenceKey */,
			);
		};
/* End PBXProject section */

/* Begin PBXResourcesBuildPhase section */
		80ACFBC9282458A60061CC17 /* Resources */ = {
			isa = PBXResourcesBuildPhase;
			buildActionMask = 2147483647;
			files = (
				80ACFBD6282458A70061CC17 /* Preview Assets.xcassets in Resources */,
				80ACFBD3282458A70061CC17 /* Assets.xcassets in Resources */,
			);
			runOnlyForDeploymentPostprocessing = 0;
		};
/* End PBXResourcesBuildPhase section */

/* Begin PBXSourcesBuildPhase section */
		80ACFBC7282458A60061CC17 /* Sources */ = {
			isa = PBXSourcesBuildPhase;
			buildActionMask = 2147483647;
			files = (
				802A6C9C2829E40D007B4A7C /* ColorModel.swift in Sources */,
				80ACFBEC2824689B0061CC17 /* NamespaceView.swift in Sources */,
				802A6C9E2829E4A2007B4A7C /* ColorVM.swift in Sources */,
				80ACFC002824B1230061CC17 /* SideCircleModel.swift in Sources */,
				80ACFBE128245BA60061CC17 /* PreferenceKeyView.swift in Sources */,
				80ACFBE428245C260061CC17 /* TabModel.swift in Sources */,
				803081BD2825BF59000B4858 /* ViewModifier.swift in Sources */,
				80CC944828269833006709DC /* Triangle.swift in Sources */,
				80ACFBE728245C4F0061CC17 /* TabBarVM.swift in Sources */,
				80ACFBF628248F330061CC17 /* HalfCircle.swift in Sources */,
				803081C12825CE80000B4858 /* PolygonView.swift in Sources */,
				80CC94462826926C006709DC /* MGETwoView.swift in Sources */,
				802A6CA0282A7C84007B4A7C /* FlyingStar.swift in Sources */,
				802A6CA2282A8C18007B4A7C /* STPUINavigationControllerExtension.swift in Sources */,
				80ACFBFE282494420061CC17 /* FullCircleView.swift in Sources */,
				802A6C9A2829DE19007B4A7C /* ColorNamespace.swift in Sources */,
				80D38718282825E5009163CF /* MultipleGroups.swift in Sources */,
				80D387162827E01D009163CF /* AnchorPoint.swift in Sources */,
				803081BB2825B8F8000B4858 /* LaunchView.swift in Sources */,
				80ACFBCF282458A60061CC17 /* NamespaceAndPreverenceKeyApp.swift in Sources */,
				806066412828396E00582027 /* MultipleNamespaces.swift in Sources */,
				803081BF2825C76A000B4858 /* MGEOneView.swift in Sources */,
			);
			runOnlyForDeploymentPostprocessing = 0;
		};
/* End PBXSourcesBuildPhase section */

/* Begin XCBuildConfiguration section */
		80ACFBD7282458A70061CC17 /* Debug */ = {
			isa = XCBuildConfiguration;
			buildSettings = {
				ALWAYS_SEARCH_USER_PATHS = NO;
				CLANG_ANALYZER_NONNULL = YES;
				CLANG_ANALYZER_NUMBER_OBJECT_CONVERSION = YES_AGGRESSIVE;
				CLANG_CXX_LANGUAGE_STANDARD = "gnu++17";
				CLANG_ENABLE_MODULES = YES;
				CLANG_ENABLE_OBJC_ARC = YES;
				CLANG_ENABLE_OBJC_WEAK = YES;
				CLANG_WARN_BLOCK_CAPTURE_AUTORELEASING = YES;
				CLANG_WARN_BOOL_CONVERSION = YES;
				CLANG_WARN_COMMA = YES;
				CLANG_WARN_CONSTANT_CONVERSION = YES;
				CLANG_WARN_DEPRECATED_OBJC_IMPLEMENTATIONS = YES;
				CLANG_WARN_DIRECT_OBJC_ISA_USAGE = YES_ERROR;
				CLANG_WARN_DOCUMENTATION_COMMENTS = YES;
				CLANG_WARN_EMPTY_BODY = YES;
				CLANG_WARN_ENUM_CONVERSION = YES;
				CLANG_WARN_INFINITE_RECURSION = YES;
				CLANG_WARN_INT_CONVERSION = YES;
				CLANG_WARN_NON_LITERAL_NULL_CONVERSION = YES;
				CLANG_WARN_OBJC_IMPLICIT_RETAIN_SELF = YES;
				CLANG_WARN_OBJC_LITERAL_CONVERSION = YES;
				CLANG_WARN_OBJC_ROOT_CLASS = YES_ERROR;
				CLANG_WARN_QUOTED_INCLUDE_IN_FRAMEWORK_HEADER = YES;
				CLANG_WARN_RANGE_LOOP_ANALYSIS = YES;
				CLANG_WARN_STRICT_PROTOTYPES = YES;
				CLANG_WARN_SUSPICIOUS_MOVE = YES;
				CLANG_WARN_UNGUARDED_AVAILABILITY = YES_AGGRESSIVE;
				CLANG_WARN_UNREACHABLE_CODE = YES;
				CLANG_WARN__DUPLICATE_METHOD_MATCH = YES;
				COPY_PHASE_STRIP = NO;
				DEBUG_INFORMATION_FORMAT = dwarf;
				ENABLE_STRICT_OBJC_MSGSEND = YES;
				ENABLE_TESTABILITY = YES;
				GCC_C_LANGUAGE_STANDARD = gnu11;
				GCC_DYNAMIC_NO_PIC = NO;
				GCC_NO_COMMON_BLOCKS = YES;
				GCC_OPTIMIZATION_LEVEL = 0;
				GCC_PREPROCESSOR_DEFINITIONS = (
					"DEBUG=1",
					"$(inherited)",
				);
				GCC_WARN_64_TO_32_BIT_CONVERSION = YES;
				GCC_WARN_ABOUT_RETURN_TYPE = YES_ERROR;
				GCC_WARN_UNDECLARED_SELECTOR = YES;
				GCC_WARN_UNINITIALIZED_AUTOS = YES_AGGRESSIVE;
				GCC_WARN_UNUSED_FUNCTION = YES;
				GCC_WARN_UNUSED_VARIABLE = YES;
				IPHONEOS_DEPLOYMENT_TARGET = 15.4;
				MTL_ENABLE_DEBUG_INFO = INCLUDE_SOURCE;
				MTL_FAST_MATH = YES;
				ONLY_ACTIVE_ARCH = YES;
				SDKROOT = iphoneos;
				SWIFT_ACTIVE_COMPILATION_CONDITIONS = DEBUG;
				SWIFT_OPTIMIZATION_LEVEL = "-Onone";
			};
			name = Debug;
		};
		80ACFBD8282458A70061CC17 /* Release */ = {
			isa = XCBuildConfiguration;
			buildSettings = {
				ALWAYS_SEARCH_USER_PATHS = NO;
				CLANG_ANALYZER_NONNULL = YES;
				CLANG_ANALYZER_NUMBER_OBJECT_CONVERSION = YES_AGGRESSIVE;
				CLANG_CXX_LANGUAGE_STANDARD = "gnu++17";
				CLANG_ENABLE_MODULES = YES;
				CLANG_ENABLE_OBJC_ARC = YES;
				CLANG_ENABLE_OBJC_WEAK = YES;
				CLANG_WARN_BLOCK_CAPTURE_AUTORELEASING = YES;
				CLANG_WARN_BOOL_CONVERSION = YES;
				CLANG_WARN_COMMA = YES;
				CLANG_WARN_CONSTANT_CONVERSION = YES;
				CLANG_WARN_DEPRECATED_OBJC_IMPLEMENTATIONS = YES;
				CLANG_WARN_DIRECT_OBJC_ISA_USAGE = YES_ERROR;
				CLANG_WARN_DOCUMENTATION_COMMENTS = YES;
				CLANG_WARN_EMPTY_BODY = YES;
				CLANG_WARN_ENUM_CONVERSION = YES;
				CLANG_WARN_INFINITE_RECURSION = YES;
				CLANG_WARN_INT_CONVERSION = YES;
				CLANG_WARN_NON_LITERAL_NULL_CONVERSION = YES;
				CLANG_WARN_OBJC_IMPLICIT_RETAIN_SELF = YES;
				CLANG_WARN_OBJC_LITERAL_CONVERSION = YES;
				CLANG_WARN_OBJC_ROOT_CLASS = YES_ERROR;
				CLANG_WARN_QUOTED_INCLUDE_IN_FRAMEWORK_HEADER = YES;
				CLANG_WARN_RANGE_LOOP_ANALYSIS = YES;
				CLANG_WARN_STRICT_PROTOTYPES = YES;
				CLANG_WARN_SUSPICIOUS_MOVE = YES;
				CLANG_WARN_UNGUARDED_AVAILABILITY = YES_AGGRESSIVE;
				CLANG_WARN_UNREACHABLE_CODE = YES;
				CLANG_WARN__DUPLICATE_METHOD_MATCH = YES;
				COPY_PHASE_STRIP = NO;
				DEBUG_INFORMATION_FORMAT = "dwarf-with-dsym";
				ENABLE_NS_ASSERTIONS = NO;
				ENABLE_STRICT_OBJC_MSGSEND = YES;
				GCC_C_LANGUAGE_STANDARD = gnu11;
				GCC_NO_COMMON_BLOCKS = YES;
				GCC_WARN_64_TO_32_BIT_CONVERSION = YES;
				GCC_WARN_ABOUT_RETURN_TYPE = YES_ERROR;
				GCC_WARN_UNDECLARED_SELECTOR = YES;
				GCC_WARN_UNINITIALIZED_AUTOS = YES_AGGRESSIVE;
				GCC_WARN_UNUSED_FUNCTION = YES;
				GCC_WARN_UNUSED_VARIABLE = YES;
				IPHONEOS_DEPLOYMENT_TARGET = 15.4;
				MTL_ENABLE_DEBUG_INFO = NO;
				MTL_FAST_MATH = YES;
				SDKROOT = iphoneos;
				SWIFT_COMPILATION_MODE = wholemodule;
				SWIFT_OPTIMIZATION_LEVEL = "-O";
				VALIDATE_PRODUCT = YES;
			};
			name = Release;
		};
		80ACFBDA282458A70061CC17 /* Debug */ = {
			isa = XCBuildConfiguration;
			buildSettings = {
				ASSETCATALOG_COMPILER_APPICON_NAME = AppIcon;
				ASSETCATALOG_COMPILER_GLOBAL_ACCENT_COLOR_NAME = AccentColor;
				CODE_SIGN_STYLE = Automatic;
				CURRENT_PROJECT_VERSION = 1;
				DEVELOPMENT_ASSET_PATHS = "\"NamespaceAndPreverenceKey/Preview Content\"";
				DEVELOPMENT_TEAM = 879U287R5Q;
				ENABLE_PREVIEWS = YES;
				GENERATE_INFOPLIST_FILE = YES;
				INFOPLIST_KEY_UIApplicationSceneManifest_Generation = YES;
				INFOPLIST_KEY_UIApplicationSupportsIndirectInputEvents = YES;
				INFOPLIST_KEY_UILaunchScreen_Generation = YES;
				INFOPLIST_KEY_UISupportedInterfaceOrientations_iPad = "UIInterfaceOrientationPortrait UIInterfaceOrientationPortraitUpsideDown UIInterfaceOrientationLandscapeLeft UIInterfaceOrientationLandscapeRight";
				INFOPLIST_KEY_UISupportedInterfaceOrientations_iPhone = "UIInterfaceOrientationPortrait UIInterfaceOrientationLandscapeLeft UIInterfaceOrientationLandscapeRight";
				LD_RUNPATH_SEARCH_PATHS = (
					"$(inherited)",
					"@executable_path/Frameworks",
				);
				MARKETING_VERSION = 2.0;
				PRODUCT_BUNDLE_IDENTIFIER = ihValery.NamespaceAndPreverenceKey;
				PRODUCT_NAME = "$(TARGET_NAME)";
				SWIFT_EMIT_LOC_STRINGS = YES;
				SWIFT_VERSION = 5.0;
				TARGETED_DEVICE_FAMILY = "1,2";
			};
			name = Debug;
		};
		80ACFBDB282458A70061CC17 /* Release */ = {
			isa = XCBuildConfiguration;
			buildSettings = {
				ASSETCATALOG_COMPILER_APPICON_NAME = AppIcon;
				ASSETCATALOG_COMPILER_GLOBAL_ACCENT_COLOR_NAME = AccentColor;
				CODE_SIGN_STYLE = Automatic;
				CURRENT_PROJECT_VERSION = 1;
				DEVELOPMENT_ASSET_PATHS = "\"NamespaceAndPreverenceKey/Preview Content\"";
				DEVELOPMENT_TEAM = 879U287R5Q;
				ENABLE_PREVIEWS = YES;
				GENERATE_INFOPLIST_FILE = YES;
				INFOPLIST_KEY_UIApplicationSceneManifest_Generation = YES;
				INFOPLIST_KEY_UIApplicationSupportsIndirectInputEvents = YES;
				INFOPLIST_KEY_UILaunchScreen_Generation = YES;
				INFOPLIST_KEY_UISupportedInterfaceOrientations_iPad = "UIInterfaceOrientationPortrait UIInterfaceOrientationPortraitUpsideDown UIInterfaceOrientationLandscapeLeft UIInterfaceOrientationLandscapeRight";
				INFOPLIST_KEY_UISupportedInterfaceOrientations_iPhone = "UIInterfaceOrientationPortrait UIInterfaceOrientationLandscapeLeft UIInterfaceOrientationLandscapeRight";
				LD_RUNPATH_SEARCH_PATHS = (
					"$(inherited)",
					"@executable_path/Frameworks",
				);
				MARKETING_VERSION = 2.0;
				PRODUCT_BUNDLE_IDENTIFIER = ihValery.NamespaceAndPreverenceKey;
				PRODUCT_NAME = "$(TARGET_NAME)";
				SWIFT_EMIT_LOC_STRINGS = YES;
				SWIFT_VERSION = 5.0;
				TARGETED_DEVICE_FAMILY = "1,2";
			};
			name = Release;
		};
/* End XCBuildConfiguration section */

/* Begin XCConfigurationList section */
		80ACFBC6282458A60061CC17 /* Build configuration list for PBXProject "NamespaceAndPreverenceKey" */ = {
			isa = XCConfigurationList;
			buildConfigurations = (
				80ACFBD7282458A70061CC17 /* Debug */,
				80ACFBD8282458A70061CC17 /* Release */,
			);
			defaultConfigurationIsVisible = 0;
			defaultConfigurationName = Release;
		};
		80ACFBD9282458A70061CC17 /* Build configuration list for PBXNativeTarget "NamespaceAndPreverenceKey" */ = {
			isa = XCConfigurationList;
			buildConfigurations = (
				80ACFBDA282458A70061CC17 /* Debug */,
				80ACFBDB282458A70061CC17 /* Release */,
			);
			defaultConfigurationIsVisible = 0;
			defaultConfigurationName = Release;
		};
/* End XCConfigurationList section */
	};
	rootObject = 80ACFBC3282458A60061CC17 /* Project object */;
}
